{
  "name": "@shaharia-lab/design-systems",
  "lockfileVersion": 3,
  "requires": true,
  "packages": {
    "": {
      "name": "@shaharia-lab/design-systems",
      "license": "MIT",
      "workspaces": [
        "agento-code"
      ]
    },
    "agento-code": {
      "name": "@shaharia-lab/agento-code",
      "version": "0.3.0",
      "license": "MIT",
      "peerDependencies": {
        "react": ">=18"
      },
      "peerDependenciesMeta": {
        "react": {
          "optional": true
        }
      }
    },
    "node_modules/@shaharia-lab/agento-code": {
      "resolved": "agento-code",
      "link": true
    }
  }
}
